
Microsoft Visual Studio Solution File, Format Version 12.00
# Visual Studio 14
VisualStudioVersion = 14.0.25420.1
MinimumVisualStudioVersion = 10.0.40219.1
Project("{FAE04EC0-301F-11D3-BF4B-00C04F79EFBC}") = "Lab1", "Lab1\Lab1.csproj", "{D1E3F488-4CA0-4E8C-A281-0F75B3B53A5D}"
EndProject
Project("{FAE04EC0-301F-11D3-BF4B-00C04F79EFBC}") = "Tema1", "Tema1\Tema1.csproj", "{C892C520-AB95-470E-9576-D3941495DE26}"
EndProject
Project("{2150E333-8FDC-42A3-9474-1A3956D46DE8}") = "Lab1", "Lab1", "{7AFF8C8E-4172-4582-8DD9-9B8F4A3A2664}"
EndProject
Project("{FAE04EC0-301F-11D3-BF4B-00C04F79EFBC}") = "Tema1Test", "Tema1Test\Tema1Test.csproj", "{3DDF7A17-C554-455E-8BDA-A13897F239DC}"
EndProject
Project("{2150E333-8FDC-42A3-9474-1A3956D46DE8}") = "Lab2", "Lab2", "{5112EF75-E4A5-4A69-94F3-A8B72ACFD63A}"
EndProject
Project("{FAE04EC0-301F-11D3-BF4B-00C04F79EFBC}") = "AsyncClient", "Tema2\AsyncClient\AsyncClient.csproj", "{6FB23B66-CC8E-4CDB-B4A0-97A28A95D581}"
EndProject
Project("{FAE04EC0-301F-11D3-BF4B-00C04F79EFBC}") = "AsyncServer", "Tema2\AsyncServer\AsyncServer.csproj", "{CF77DA73-EF59-409A-9BF3-8E26451D2593}"
EndProject
Project("{2150E333-8FDC-42A3-9474-1A3956D46DE8}") = "Lab3", "Lab3", "{C1A833DE-28E9-415E-9F7A-C5FC1492858C}"
EndProject
Project("{2150E333-8FDC-42A3-9474-1A3956D46DE8}") = "InLabWork", "InLabWork", "{8ADA2D90-3821-4CD4-B3FB-0E1BAB386FBB}"
EndProject
Project("{FAE04EC0-301F-11D3-BF4B-00C04F79EFBC}") = "Transmitter", "Transmitter\Transmitter.csproj", "{3EF7DA3A-4BDF-40F2-8263-95F044A17083}"
EndProject
Project("{FAE04EC0-301F-11D3-BF4B-00C04F79EFBC}") = "Receiver", "Receiver\Receiver.csproj", "{BDF4C305-2A3A-4AC5-8BB7-8BA4EFDCE1C2}"
EndProject
Project("{FAE04EC0-301F-11D3-BF4B-00C04F79EFBC}") = "Common", "Common\Common.csproj", "{41F7B273-533B-434E-8DD2-BE4753925099}"
EndProject
Global
	GlobalSection(SolutionConfigurationPlatforms) = preSolution
		Debug|Any CPU = Debug|Any CPU
		Release|Any CPU = Release|Any CPU
	EndGlobalSection
	GlobalSection(ProjectConfigurationPlatforms) = postSolution
		{D1E3F488-4CA0-4E8C-A281-0F75B3B53A5D}.Debug|Any CPU.ActiveCfg = Debug|Any CPU
		{D1E3F488-4CA0-4E8C-A281-0F75B3B53A5D}.Debug|Any CPU.Build.0 = Debug|Any CPU
		{D1E3F488-4CA0-4E8C-A281-0F75B3B53A5D}.Release|Any CPU.ActiveCfg = Release|Any CPU
		{D1E3F488-4CA0-4E8C-A281-0F75B3B53A5D}.Release|Any CPU.Build.0 = Release|Any CPU
		{C892C520-AB95-470E-9576-D3941495DE26}.Debug|Any CPU.ActiveCfg = Debug|Any CPU
		{C892C520-AB95-470E-9576-D3941495DE26}.Debug|Any CPU.Build.0 = Debug|Any CPU
		{C892C520-AB95-470E-9576-D3941495DE26}.Release|Any CPU.ActiveCfg = Release|Any CPU
		{C892C520-AB95-470E-9576-D3941495DE26}.Release|Any CPU.Build.0 = Release|Any CPU
		{3DDF7A17-C554-455E-8BDA-A13897F239DC}.Debug|Any CPU.ActiveCfg = Debug|Any CPU
		{3DDF7A17-C554-455E-8BDA-A13897F239DC}.Debug|Any CPU.Build.0 = Debug|Any CPU
		{3DDF7A17-C554-455E-8BDA-A13897F239DC}.Release|Any CPU.ActiveCfg = Release|Any CPU
		{3DDF7A17-C554-455E-8BDA-A13897F239DC}.Release|Any CPU.Build.0 = Release|Any CPU
		{6FB23B66-CC8E-4CDB-B4A0-97A28A95D581}.Debug|Any CPU.ActiveCfg = Debug|Any CPU
		{6FB23B66-CC8E-4CDB-B4A0-97A28A95D581}.Debug|Any CPU.Build.0 = Debug|Any CPU
		{6FB23B66-CC8E-4CDB-B4A0-97A28A95D581}.Release|Any CPU.ActiveCfg = Release|Any CPU
		{6FB23B66-CC8E-4CDB-B4A0-97A28A95D581}.Release|Any CPU.Build.0 = Release|Any CPU
		{CF77DA73-EF59-409A-9BF3-8E26451D2593}.Debug|Any CPU.ActiveCfg = Debug|Any CPU
		{CF77DA73-EF59-409A-9BF3-8E26451D2593}.Debug|Any CPU.Build.0 = Debug|Any CPU
		{CF77DA73-EF59-409A-9BF3-8E26451D2593}.Release|Any CPU.ActiveCfg = Release|Any CPU
		{CF77DA73-EF59-409A-9BF3-8E26451D2593}.Release|Any CPU.Build.0 = Release|Any CPU
		{3EF7DA3A-4BDF-40F2-8263-95F044A17083}.Debug|Any CPU.ActiveCfg = Debug|Any CPU
		{3EF7DA3A-4BDF-40F2-8263-95F044A17083}.Debug|Any CPU.Build.0 = Debug|Any CPU
		{3EF7DA3A-4BDF-40F2-8263-95F044A17083}.Release|Any CPU.ActiveCfg = Release|Any CPU
		{3EF7DA3A-4BDF-40F2-8263-95F044A17083}.Release|Any CPU.Build.0 = Release|Any CPU
		{BDF4C305-2A3A-4AC5-8BB7-8BA4EFDCE1C2}.Debug|Any CPU.ActiveCfg = Debug|Any CPU
		{BDF4C305-2A3A-4AC5-8BB7-8BA4EFDCE1C2}.Debug|Any CPU.Build.0 = Debug|Any CPU
		{BDF4C305-2A3A-4AC5-8BB7-8BA4EFDCE1C2}.Release|Any CPU.ActiveCfg = Release|Any CPU
		{BDF4C305-2A3A-4AC5-8BB7-8BA4EFDCE1C2}.Release|Any CPU.Build.0 = Release|Any CPU
		{41F7B273-533B-434E-8DD2-BE4753925099}.Debug|Any CPU.ActiveCfg = Debug|Any CPU
		{41F7B273-533B-434E-8DD2-BE4753925099}.Debug|Any CPU.Build.0 = Debug|Any CPU
		{41F7B273-533B-434E-8DD2-BE4753925099}.Release|Any CPU.ActiveCfg = Release|Any CPU
		{41F7B273-533B-434E-8DD2-BE4753925099}.Release|Any CPU.Build.0 = Release|Any CPU
	EndGlobalSection
	GlobalSection(SolutionProperties) = preSolution
		HideSolutionNode = FALSE
	EndGlobalSection
	GlobalSection(NestedProjects) = preSolution
		{D1E3F488-4CA0-4E8C-A281-0F75B3B53A5D} = {7AFF8C8E-4172-4582-8DD9-9B8F4A3A2664}
		{C892C520-AB95-470E-9576-D3941495DE26} = {7AFF8C8E-4172-4582-8DD9-9B8F4A3A2664}
		{3DDF7A17-C554-455E-8BDA-A13897F239DC} = {7AFF8C8E-4172-4582-8DD9-9B8F4A3A2664}
		{6FB23B66-CC8E-4CDB-B4A0-97A28A95D581} = {5112EF75-E4A5-4A69-94F3-A8B72ACFD63A}
		{CF77DA73-EF59-409A-9BF3-8E26451D2593} = {5112EF75-E4A5-4A69-94F3-A8B72ACFD63A}
		{8ADA2D90-3821-4CD4-B3FB-0E1BAB386FBB} = {C1A833DE-28E9-415E-9F7A-C5FC1492858C}
		{3EF7DA3A-4BDF-40F2-8263-95F044A17083} = {8ADA2D90-3821-4CD4-B3FB-0E1BAB386FBB}
		{BDF4C305-2A3A-4AC5-8BB7-8BA4EFDCE1C2} = {8ADA2D90-3821-4CD4-B3FB-0E1BAB386FBB}
		{41F7B273-533B-434E-8DD2-BE4753925099} = {8ADA2D90-3821-4CD4-B3FB-0E1BAB386FBB}
	EndGlobalSection
EndGlobal
