
Microsoft Visual Studio Solution File, Format Version 12.00
# Visual Studio 14
VisualStudioVersion = 14.0.25420.1
MinimumVisualStudioVersion = 10.0.40219.1
Project("{FAE04EC0-301F-11D3-BF4B-00C04F79EFBC}") = "Common", "Lab3\Common\Common.csproj", "{41F7B273-533B-434E-8DD2-BE4753925099}"
EndProject
Project("{FAE04EC0-301F-11D3-BF4B-00C04F79EFBC}") = "Receiver", "Lab3\Receiver\Receiver.csproj", "{BDF4C305-2A3A-4AC5-8BB7-8BA4EFDCE1C2}"
EndProject
Project("{FAE04EC0-301F-11D3-BF4B-00C04F79EFBC}") = "Transmitter", "Lab3\Transmitter\Transmitter.csproj", "{3EF7DA3A-4BDF-40F2-8263-95F044A17083}"
EndProject
Project("{2150E333-8FDC-42A3-9474-1A3956D46DE8}") = "Lab3", "Lab3", "{41EF82CC-5CF7-440E-9E65-AAE9A6DE8C05}"
EndProject
Project("{2150E333-8FDC-42A3-9474-1A3956D46DE8}") = "Tema3", "Tema3", "{DAF70298-A4E4-4403-9A7A-4CE74F6FB92B}"
EndProject
Project("{2150E333-8FDC-42A3-9474-1A3956D46DE8}") = "InLab3", "InLab3", "{D90C2931-1737-422F-8302-FD297695405C}"
EndProject
Project("{2150E333-8FDC-42A3-9474-1A3956D46DE8}") = "Lab1", "Lab1", "{5BF80BDB-26BB-475B-88CB-DBA3A8114617}"
EndProject
Project("{2150E333-8FDC-42A3-9474-1A3956D46DE8}") = "Lab2", "Lab2", "{245E7664-AF6E-4063-982B-22B18162145F}"
EndProject
Project("{FAE04EC0-301F-11D3-BF4B-00C04F79EFBC}") = "AsyncClient", "Lab2\Tema2\AsyncClient\AsyncClient.csproj", "{6FB23B66-CC8E-4CDB-B4A0-97A28A95D581}"
EndProject
Project("{FAE04EC0-301F-11D3-BF4B-00C04F79EFBC}") = "AsyncServer", "Lab2\Tema2\AsyncServer\AsyncServer.csproj", "{CF77DA73-EF59-409A-9BF3-8E26451D2593}"
EndProject
Project("{FAE04EC0-301F-11D3-BF4B-00C04F79EFBC}") = "CollabClient", "Lab3\Tema3\CollabClient\CollabClient.csproj", "{D19EF43C-3ED3-4CBA-86EA-F31CF0422114}"
EndProject
Project("{FAE04EC0-301F-11D3-BF4B-00C04F79EFBC}") = "CommonCollab", "Lab3\Tema3\CollabCommon\CommonCollab.csproj", "{4EEF6D70-BD3B-4877-985A-593A14555CFB}"
EndProject
Project("{FAE04EC0-301F-11D3-BF4B-00C04F79EFBC}") = "CollabServer", "Lab3\Tema3\CollabServer\CollabServer.csproj", "{BBAD50A5-3C18-4FED-A949-33BF1A0BFCD8}"
EndProject
Global
	GlobalSection(SolutionConfigurationPlatforms) = preSolution
		Debug|Any CPU = Debug|Any CPU
		Release|Any CPU = Release|Any CPU
	EndGlobalSection
	GlobalSection(ProjectConfigurationPlatforms) = postSolution
		{41F7B273-533B-434E-8DD2-BE4753925099}.Debug|Any CPU.ActiveCfg = Debug|Any CPU
		{41F7B273-533B-434E-8DD2-BE4753925099}.Debug|Any CPU.Build.0 = Debug|Any CPU
		{41F7B273-533B-434E-8DD2-BE4753925099}.Release|Any CPU.ActiveCfg = Release|Any CPU
		{41F7B273-533B-434E-8DD2-BE4753925099}.Release|Any CPU.Build.0 = Release|Any CPU
		{BDF4C305-2A3A-4AC5-8BB7-8BA4EFDCE1C2}.Debug|Any CPU.ActiveCfg = Debug|Any CPU
		{BDF4C305-2A3A-4AC5-8BB7-8BA4EFDCE1C2}.Debug|Any CPU.Build.0 = Debug|Any CPU
		{BDF4C305-2A3A-4AC5-8BB7-8BA4EFDCE1C2}.Release|Any CPU.ActiveCfg = Release|Any CPU
		{BDF4C305-2A3A-4AC5-8BB7-8BA4EFDCE1C2}.Release|Any CPU.Build.0 = Release|Any CPU
		{3EF7DA3A-4BDF-40F2-8263-95F044A17083}.Debug|Any CPU.ActiveCfg = Debug|Any CPU
		{3EF7DA3A-4BDF-40F2-8263-95F044A17083}.Debug|Any CPU.Build.0 = Debug|Any CPU
		{3EF7DA3A-4BDF-40F2-8263-95F044A17083}.Release|Any CPU.ActiveCfg = Release|Any CPU
		{3EF7DA3A-4BDF-40F2-8263-95F044A17083}.Release|Any CPU.Build.0 = Release|Any CPU
		{6FB23B66-CC8E-4CDB-B4A0-97A28A95D581}.Debug|Any CPU.ActiveCfg = Debug|Any CPU
		{6FB23B66-CC8E-4CDB-B4A0-97A28A95D581}.Debug|Any CPU.Build.0 = Debug|Any CPU
		{6FB23B66-CC8E-4CDB-B4A0-97A28A95D581}.Release|Any CPU.ActiveCfg = Release|Any CPU
		{6FB23B66-CC8E-4CDB-B4A0-97A28A95D581}.Release|Any CPU.Build.0 = Release|Any CPU
		{CF77DA73-EF59-409A-9BF3-8E26451D2593}.Debug|Any CPU.ActiveCfg = Debug|Any CPU
		{CF77DA73-EF59-409A-9BF3-8E26451D2593}.Debug|Any CPU.Build.0 = Debug|Any CPU
		{CF77DA73-EF59-409A-9BF3-8E26451D2593}.Release|Any CPU.ActiveCfg = Release|Any CPU
		{CF77DA73-EF59-409A-9BF3-8E26451D2593}.Release|Any CPU.Build.0 = Release|Any CPU
		{D19EF43C-3ED3-4CBA-86EA-F31CF0422114}.Debug|Any CPU.ActiveCfg = Debug|Any CPU
		{D19EF43C-3ED3-4CBA-86EA-F31CF0422114}.Debug|Any CPU.Build.0 = Debug|Any CPU
		{D19EF43C-3ED3-4CBA-86EA-F31CF0422114}.Release|Any CPU.ActiveCfg = Release|Any CPU
		{D19EF43C-3ED3-4CBA-86EA-F31CF0422114}.Release|Any CPU.Build.0 = Release|Any CPU
		{4EEF6D70-BD3B-4877-985A-593A14555CFB}.Debug|Any CPU.ActiveCfg = Debug|Any CPU
		{4EEF6D70-BD3B-4877-985A-593A14555CFB}.Debug|Any CPU.Build.0 = Debug|Any CPU
		{4EEF6D70-BD3B-4877-985A-593A14555CFB}.Release|Any CPU.ActiveCfg = Release|Any CPU
		{4EEF6D70-BD3B-4877-985A-593A14555CFB}.Release|Any CPU.Build.0 = Release|Any CPU
		{BBAD50A5-3C18-4FED-A949-33BF1A0BFCD8}.Debug|Any CPU.ActiveCfg = Debug|Any CPU
		{BBAD50A5-3C18-4FED-A949-33BF1A0BFCD8}.Debug|Any CPU.Build.0 = Debug|Any CPU
		{BBAD50A5-3C18-4FED-A949-33BF1A0BFCD8}.Release|Any CPU.ActiveCfg = Release|Any CPU
		{BBAD50A5-3C18-4FED-A949-33BF1A0BFCD8}.Release|Any CPU.Build.0 = Release|Any CPU
	EndGlobalSection
	GlobalSection(SolutionProperties) = preSolution
		HideSolutionNode = FALSE
	EndGlobalSection
	GlobalSection(NestedProjects) = preSolution
		{41F7B273-533B-434E-8DD2-BE4753925099} = {D90C2931-1737-422F-8302-FD297695405C}
		{BDF4C305-2A3A-4AC5-8BB7-8BA4EFDCE1C2} = {D90C2931-1737-422F-8302-FD297695405C}
		{3EF7DA3A-4BDF-40F2-8263-95F044A17083} = {D90C2931-1737-422F-8302-FD297695405C}
		{DAF70298-A4E4-4403-9A7A-4CE74F6FB92B} = {41EF82CC-5CF7-440E-9E65-AAE9A6DE8C05}
		{D90C2931-1737-422F-8302-FD297695405C} = {41EF82CC-5CF7-440E-9E65-AAE9A6DE8C05}
		{6FB23B66-CC8E-4CDB-B4A0-97A28A95D581} = {245E7664-AF6E-4063-982B-22B18162145F}
		{CF77DA73-EF59-409A-9BF3-8E26451D2593} = {245E7664-AF6E-4063-982B-22B18162145F}
		{D19EF43C-3ED3-4CBA-86EA-F31CF0422114} = {DAF70298-A4E4-4403-9A7A-4CE74F6FB92B}
		{4EEF6D70-BD3B-4877-985A-593A14555CFB} = {DAF70298-A4E4-4403-9A7A-4CE74F6FB92B}
		{BBAD50A5-3C18-4FED-A949-33BF1A0BFCD8} = {DAF70298-A4E4-4403-9A7A-4CE74F6FB92B}
	EndGlobalSection
EndGlobal
